// !$*UTF8*$!
{
	archiveVersion = 1;
	classes = {
	};
	objectVersion = 46;
	objects = {

/* Begin PBXBuildFile section */
		086CE76A2391345300B196D7 /* SDNumberField.swift in Sources */ = {isa = PBXBuildFile; fileRef = 086CE7692391345300B196D7 /* SDNumberField.swift */; };
		088D9671238524910031DB95 /* UICollectionView.swift in Sources */ = {isa = PBXBuildFile; fileRef = 088D9663238524910031DB95 /* UICollectionView.swift */; };
		088D9672238524910031DB95 /* UITableView.swift in Sources */ = {isa = PBXBuildFile; fileRef = 088D9664238524910031DB95 /* UITableView.swift */; };
		088D9673238524910031DB95 /* UIKitExtension.swift in Sources */ = {isa = PBXBuildFile; fileRef = 088D9665238524910031DB95 /* UIKitExtension.swift */; };
		088D9674238524910031DB95 /* UIViewAnimation.swift in Sources */ = {isa = PBXBuildFile; fileRef = 088D9666238524910031DB95 /* UIViewAnimation.swift */; };
		088D9675238524910031DB95 /* SDSwappageController.swift in Sources */ = {isa = PBXBuildFile; fileRef = 088D9668238524910031DB95 /* SDSwappageController.swift */; };
		088D9676238524910031DB95 /* SDSlideMenuViewController.swift in Sources */ = {isa = PBXBuildFile; fileRef = 088D9669238524910031DB95 /* SDSlideMenuViewController.swift */; };
		088D9677238524910031DB95 /* UIGestureRecognizer.swift in Sources */ = {isa = PBXBuildFile; fileRef = 088D966B238524910031DB95 /* UIGestureRecognizer.swift */; };
		088D9678238524910031DB95 /* UIShortTapGestureRecognizer.swift in Sources */ = {isa = PBXBuildFile; fileRef = 088D966C238524910031DB95 /* UIShortTapGestureRecognizer.swift */; };
		088D9679238524910031DB95 /* SDSlider.swift in Sources */ = {isa = PBXBuildFile; fileRef = 088D966E238524910031DB95 /* SDSlider.swift */; };
		088D967A238524910031DB95 /* SDTextField.swift in Sources */ = {isa = PBXBuildFile; fileRef = 088D966F238524910031DB95 /* SDTextField.swift */; };
		088D967B238524910031DB95 /* SDPageView.swift in Sources */ = {isa = PBXBuildFile; fileRef = 088D9670238524910031DB95 /* SDPageView.swift */; };
		088D9684238524C40031DB95 /* TouchCaptureGesture.swift in Sources */ = {isa = PBXBuildFile; fileRef = 088D9682238524C40031DB95 /* TouchCaptureGesture.swift */; };
		088D9685238524C40031DB95 /* UITouchGestureRecognizer.swift in Sources */ = {isa = PBXBuildFile; fileRef = 088D9683238524C40031DB95 /* UITouchGestureRecognizer.swift */; };
		088D96882385278D0031DB95 /* CGPoint.swift in Sources */ = {isa = PBXBuildFile; fileRef = 088D96872385278D0031DB95 /* CGPoint.swift */; };
/* End PBXBuildFile section */

/* Begin PBXFileReference section */
		086CE7692391345300B196D7 /* SDNumberField.swift */ = {isa = PBXFileReference; lastKnownFileType = sourcecode.swift; path = SDNumberField.swift; sourceTree = "<group>"; };
		088D9663238524910031DB95 /* UICollectionView.swift */ = {isa = PBXFileReference; fileEncoding = 4; lastKnownFileType = sourcecode.swift; path = UICollectionView.swift; sourceTree = "<group>"; };
		088D9664238524910031DB95 /* UITableView.swift */ = {isa = PBXFileReference; fileEncoding = 4; lastKnownFileType = sourcecode.swift; path = UITableView.swift; sourceTree = "<group>"; };
		088D9665238524910031DB95 /* UIKitExtension.swift */ = {isa = PBXFileReference; fileEncoding = 4; lastKnownFileType = sourcecode.swift; path = UIKitExtension.swift; sourceTree = "<group>"; };
		088D9666238524910031DB95 /* UIViewAnimation.swift */ = {isa = PBXFileReference; fileEncoding = 4; lastKnownFileType = sourcecode.swift; path = UIViewAnimation.swift; sourceTree = "<group>"; };
		088D9668238524910031DB95 /* SDSwappageController.swift */ = {isa = PBXFileReference; fileEncoding = 4; lastKnownFileType = sourcecode.swift; path = SDSwappageController.swift; sourceTree = "<group>"; };
		088D9669238524910031DB95 /* SDSlideMenuViewController.swift */ = {isa = PBXFileReference; fileEncoding = 4; lastKnownFileType = sourcecode.swift; path = SDSlideMenuViewController.swift; sourceTree = "<group>"; };
		088D966B238524910031DB95 /* UIGestureRecognizer.swift */ = {isa = PBXFileReference; fileEncoding = 4; lastKnownFileType = sourcecode.swift; path = UIGestureRecognizer.swift; sourceTree = "<group>"; };
		088D966C238524910031DB95 /* UIShortTapGestureRecognizer.swift */ = {isa = PBXFileReference; fileEncoding = 4; lastKnownFileType = sourcecode.swift; path = UIShortTapGestureRecognizer.swift; sourceTree = "<group>"; };
		088D966E238524910031DB95 /* SDSlider.swift */ = {isa = PBXFileReference; fileEncoding = 4; lastKnownFileType = sourcecode.swift; path = SDSlider.swift; sourceTree = "<group>"; };
		088D966F238524910031DB95 /* SDTextField.swift */ = {isa = PBXFileReference; fileEncoding = 4; lastKnownFileType = sourcecode.swift; path = SDTextField.swift; sourceTree = "<group>"; };
		088D9670238524910031DB95 /* SDPageView.swift */ = {isa = PBXFileReference; fileEncoding = 4; lastKnownFileType = sourcecode.swift; path = SDPageView.swift; sourceTree = "<group>"; };
		088D9682238524C40031DB95 /* TouchCaptureGesture.swift */ = {isa = PBXFileReference; fileEncoding = 4; lastKnownFileType = sourcecode.swift; path = TouchCaptureGesture.swift; sourceTree = "<group>"; };
		088D9683238524C40031DB95 /* UITouchGestureRecognizer.swift */ = {isa = PBXFileReference; fileEncoding = 4; lastKnownFileType = sourcecode.swift; path = UITouchGestureRecognizer.swift; sourceTree = "<group>"; };
		088D96872385278D0031DB95 /* CGPoint.swift */ = {isa = PBXFileReference; lastKnownFileType = sourcecode.swift; path = CGPoint.swift; sourceTree = "<group>"; };
		0A9D37171D73D9E600941254 /* DoggieUI.framework */ = {isa = PBXFileReference; explicitFileType = wrapper.framework; includeInIndex = 0; path = DoggieUI.framework; sourceTree = BUILT_PRODUCTS_DIR; };
/* End PBXFileReference section */

/* Begin PBXFrameworksBuildPhase section */
		0A9D37131D73D9E600941254 /* Frameworks */ = {
			isa = PBXFrameworksBuildPhase;
			buildActionMask = 2147483647;
			files = (
			);
			runOnlyForDeploymentPostprocessing = 0;
		};
/* End PBXFrameworksBuildPhase section */

/* Begin PBXGroup section */
		088D9661238524910031DB95 /* DoggieUI */ = {
			isa = PBXGroup;
			children = (
				088D9662238524910031DB95 /* Extension */,
				088D9667238524910031DB95 /* ViewControllers */,
				088D966A238524910031DB95 /* Gesture Recognizer */,
				088D966D238524910031DB95 /* Views */,
			);
			name = DoggieUI;
			path = Sources/DoggieUI;
			sourceTree = "<group>";
		};
		088D9662238524910031DB95 /* Extension */ = {
			isa = PBXGroup;
			children = (
				088D96872385278D0031DB95 /* CGPoint.swift */,
				088D9663238524910031DB95 /* UICollectionView.swift */,
				088D9664238524910031DB95 /* UITableView.swift */,
				088D9665238524910031DB95 /* UIKitExtension.swift */,
				088D9666238524910031DB95 /* UIViewAnimation.swift */,
			);
			path = Extension;
			sourceTree = "<group>";
		};
		088D9667238524910031DB95 /* ViewControllers */ = {
			isa = PBXGroup;
			children = (
				088D9668238524910031DB95 /* SDSwappageController.swift */,
				088D9669238524910031DB95 /* SDSlideMenuViewController.swift */,
			);
			path = ViewControllers;
			sourceTree = "<group>";
		};
		088D966A238524910031DB95 /* Gesture Recognizer */ = {
			isa = PBXGroup;
			children = (
				088D9682238524C40031DB95 /* TouchCaptureGesture.swift */,
				088D9683238524C40031DB95 /* UITouchGestureRecognizer.swift */,
				088D966B238524910031DB95 /* UIGestureRecognizer.swift */,
				088D966C238524910031DB95 /* UIShortTapGestureRecognizer.swift */,
			);
			path = "Gesture Recognizer";
			sourceTree = "<group>";
		};
		088D966D238524910031DB95 /* Views */ = {
			isa = PBXGroup;
			children = (
				088D966E238524910031DB95 /* SDSlider.swift */,
				088D966F238524910031DB95 /* SDTextField.swift */,
				088D9670238524910031DB95 /* SDPageView.swift */,
				086CE7692391345300B196D7 /* SDNumberField.swift */,
			);
			path = Views;
			sourceTree = "<group>";
		};
		0A9D370D1D73D9E600941254 = {
			isa = PBXGroup;
			children = (
				088D9661238524910031DB95 /* DoggieUI */,
				0A9D37181D73D9E600941254 /* Products */,
			);
			sourceTree = "<group>";
		};
		0A9D37181D73D9E600941254 /* Products */ = {
			isa = PBXGroup;
			children = (
				0A9D37171D73D9E600941254 /* DoggieUI.framework */,
			);
			name = Products;
			sourceTree = "<group>";
		};
/* End PBXGroup section */

/* Begin PBXHeadersBuildPhase section */
		0A9D37141D73D9E600941254 /* Headers */ = {
			isa = PBXHeadersBuildPhase;
			buildActionMask = 2147483647;
			files = (
			);
			runOnlyForDeploymentPostprocessing = 0;
		};
/* End PBXHeadersBuildPhase section */

/* Begin PBXNativeTarget section */
		0A9D37161D73D9E600941254 /* DoggieUI */ = {
			isa = PBXNativeTarget;
			buildConfigurationList = 0A9D372B1D73D9E600941254 /* Build configuration list for PBXNativeTarget "DoggieUI" */;
			buildPhases = (
				0A9D37121D73D9E600941254 /* Sources */,
				0A9D37131D73D9E600941254 /* Frameworks */,
				0A9D37141D73D9E600941254 /* Headers */,
				0A9D37151D73D9E600941254 /* Resources */,
			);
			buildRules = (
			);
			dependencies = (
			);
			name = DoggieUI;
			productName = DoggieUI;
			productReference = 0A9D37171D73D9E600941254 /* DoggieUI.framework */;
			productType = "com.apple.product-type.framework";
		};
/* End PBXNativeTarget section */

/* Begin PBXProject section */
		0A9D370E1D73D9E600941254 /* Project object */ = {
			isa = PBXProject;
			attributes = {
				LastSwiftUpdateCheck = 0800;
				LastUpgradeCheck = 1020;
				ORGANIZATIONNAME = SusanDoggie;
				TargetAttributes = {
					0A9D37161D73D9E600941254 = {
						CreatedOnToolsVersion = 8.0;
						LastSwiftMigration = 0800;
					};
				};
			};
			buildConfigurationList = 0A9D37111D73D9E600941254 /* Build configuration list for PBXProject "DoggieUI" */;
			compatibilityVersion = "Xcode 3.2";
			developmentRegion = en;
			hasScannedForEncodings = 0;
			knownRegions = (
				en,
				Base,
			);
			mainGroup = 0A9D370D1D73D9E600941254;
			productRefGroup = 0A9D37181D73D9E600941254 /* Products */;
			projectDirPath = "";
			projectRoot = "";
			targets = (
				0A9D37161D73D9E600941254 /* DoggieUI */,
			);
		};
/* End PBXProject section */

/* Begin PBXResourcesBuildPhase section */
		0A9D37151D73D9E600941254 /* Resources */ = {
			isa = PBXResourcesBuildPhase;
			buildActionMask = 2147483647;
			files = (
			);
			runOnlyForDeploymentPostprocessing = 0;
		};
/* End PBXResourcesBuildPhase section */

/* Begin PBXSourcesBuildPhase section */
		0A9D37121D73D9E600941254 /* Sources */ = {
			isa = PBXSourcesBuildPhase;
			buildActionMask = 2147483647;
			files = (
				088D967A238524910031DB95 /* SDTextField.swift in Sources */,
				088D9673238524910031DB95 /* UIKitExtension.swift in Sources */,
				088D9674238524910031DB95 /* UIViewAnimation.swift in Sources */,
				086CE76A2391345300B196D7 /* SDNumberField.swift in Sources */,
				088D9678238524910031DB95 /* UIShortTapGestureRecognizer.swift in Sources */,
				088D9676238524910031DB95 /* SDSlideMenuViewController.swift in Sources */,
				088D9677238524910031DB95 /* UIGestureRecognizer.swift in Sources */,
				088D9671238524910031DB95 /* UICollectionView.swift in Sources */,
				088D967B238524910031DB95 /* SDPageView.swift in Sources */,
				088D9685238524C40031DB95 /* UITouchGestureRecognizer.swift in Sources */,
				088D9672238524910031DB95 /* UITableView.swift in Sources */,
				088D96882385278D0031DB95 /* CGPoint.swift in Sources */,
				088D9679238524910031DB95 /* SDSlider.swift in Sources */,
				088D9684238524C40031DB95 /* TouchCaptureGesture.swift in Sources */,
				088D9675238524910031DB95 /* SDSwappageController.swift in Sources */,
			);
			runOnlyForDeploymentPostprocessing = 0;
		};
/* End PBXSourcesBuildPhase section */

/* Begin XCBuildConfiguration section */
		0A9D37291D73D9E600941254 /* Debug */ = {
			isa = XCBuildConfiguration;
			buildSettings = {
				ALWAYS_SEARCH_USER_PATHS = NO;
				CLANG_ANALYZER_LOCALIZABILITY_NONLOCALIZED = YES;
				CLANG_ANALYZER_NONNULL = YES;
				CLANG_ANALYZER_NUMBER_OBJECT_CONVERSION = YES_AGGRESSIVE;
				CLANG_CXX_LANGUAGE_STANDARD = "gnu++0x";
				CLANG_CXX_LIBRARY = "libc++";
				CLANG_ENABLE_MODULES = YES;
				CLANG_ENABLE_OBJC_ARC = YES;
				CLANG_WARN_BLOCK_CAPTURE_AUTORELEASING = YES;
				CLANG_WARN_BOOL_CONVERSION = YES;
				CLANG_WARN_COMMA = YES;
				CLANG_WARN_CONSTANT_CONVERSION = YES;
				CLANG_WARN_DEPRECATED_OBJC_IMPLEMENTATIONS = YES;
				CLANG_WARN_DIRECT_OBJC_ISA_USAGE = YES_ERROR;
				CLANG_WARN_DOCUMENTATION_COMMENTS = YES;
				CLANG_WARN_EMPTY_BODY = YES;
				CLANG_WARN_ENUM_CONVERSION = YES;
				CLANG_WARN_INFINITE_RECURSION = YES;
				CLANG_WARN_INT_CONVERSION = YES;
				CLANG_WARN_NON_LITERAL_NULL_CONVERSION = YES;
				CLANG_WARN_OBJC_IMPLICIT_RETAIN_SELF = YES;
				CLANG_WARN_OBJC_LITERAL_CONVERSION = YES;
				CLANG_WARN_OBJC_ROOT_CLASS = YES_ERROR;
				CLANG_WARN_RANGE_LOOP_ANALYSIS = YES;
				CLANG_WARN_STRICT_PROTOTYPES = YES;
				CLANG_WARN_SUSPICIOUS_MOVE = YES;
				CLANG_WARN_SUSPICIOUS_MOVES = YES;
				CLANG_WARN_UNREACHABLE_CODE = YES;
				CLANG_WARN__DUPLICATE_METHOD_MATCH = YES;
				COMBINE_HIDPI_IMAGES = YES;
				COPY_PHASE_STRIP = NO;
				CURRENT_PROJECT_VERSION = 1;
				DEAD_CODE_STRIPPING = NO;
				DEBUG_INFORMATION_FORMAT = dwarf;
				DEFINES_MODULE = YES;
				DYLIB_INSTALL_NAME_BASE = "@rpath";
				ENABLE_STRICT_OBJC_MSGSEND = YES;
				ENABLE_TESTABILITY = YES;
				GCC_C_LANGUAGE_STANDARD = gnu99;
				GCC_DYNAMIC_NO_PIC = NO;
				GCC_NO_COMMON_BLOCKS = YES;
				GCC_OPTIMIZATION_LEVEL = 0;
				GCC_PREPROCESSOR_DEFINITIONS = (
					"DEBUG=1",
					"$(inherited)",
				);
				GCC_WARN_64_TO_32_BIT_CONVERSION = YES;
				GCC_WARN_ABOUT_RETURN_TYPE = YES_ERROR;
				GCC_WARN_UNDECLARED_SELECTOR = YES;
				GCC_WARN_UNINITIALIZED_AUTOS = YES_AGGRESSIVE;
				GCC_WARN_UNUSED_FUNCTION = YES;
				GCC_WARN_UNUSED_VARIABLE = YES;
				INFOPLIST_FILE = "$(PROJECT_FILE_PATH)/Info.plist";
				IPHONEOS_DEPLOYMENT_TARGET = 8.0;
				LD_RUNPATH_SEARCH_PATHS = "$(inherited) @executable_path/Frameworks @loader_path/Frameworks";
				MTL_ENABLE_DEBUG_INFO = YES;
				ONLY_ACTIVE_ARCH = YES;
				PRODUCT_BUNDLE_IDENTIFIER = "com.SusanDoggie.$(TARGET_NAME)";
				PRODUCT_NAME = "$(TARGET_NAME)";
				SDKROOT = iphoneos;
				SKIP_INSTALL = YES;
				SUPPORTED_PLATFORMS = "iphonesimulator iphoneos";
				SWIFT_ACTIVE_COMPILATION_CONDITIONS = DEBUG;
				SWIFT_OPTIMIZATION_LEVEL = "-Onone";
				TARGETED_DEVICE_FAMILY = "1,2";
				VERSIONING_SYSTEM = "apple-generic";
				VERSION_INFO_PREFIX = "";
			};
			name = Debug;
		};
		0A9D372A1D73D9E600941254 /* Release */ = {
			isa = XCBuildConfiguration;
			buildSettings = {
				ALWAYS_SEARCH_USER_PATHS = NO;
				CLANG_ANALYZER_LOCALIZABILITY_NONLOCALIZED = YES;
				CLANG_ANALYZER_NONNULL = YES;
				CLANG_ANALYZER_NUMBER_OBJECT_CONVERSION = YES_AGGRESSIVE;
				CLANG_CXX_LANGUAGE_STANDARD = "gnu++0x";
				CLANG_CXX_LIBRARY = "libc++";
				CLANG_ENABLE_MODULES = YES;
				CLANG_ENABLE_OBJC_ARC = YES;
				CLANG_WARN_BLOCK_CAPTURE_AUTORELEASING = YES;
				CLANG_WARN_BOOL_CONVERSION = YES;
				CLANG_WARN_COMMA = YES;
				CLANG_WARN_CONSTANT_CONVERSION = YES;
				CLANG_WARN_DEPRECATED_OBJC_IMPLEMENTATIONS = YES;
				CLANG_WARN_DIRECT_OBJC_ISA_USAGE = YES_ERROR;
				CLANG_WARN_DOCUMENTATION_COMMENTS = YES;
				CLANG_WARN_EMPTY_BODY = YES;
				CLANG_WARN_ENUM_CONVERSION = YES;
				CLANG_WARN_INFINITE_RECURSION = YES;
				CLANG_WARN_INT_CONVERSION = YES;
				CLANG_WARN_NON_LITERAL_NULL_CONVERSION = YES;
				CLANG_WARN_OBJC_IMPLICIT_RETAIN_SELF = YES;
				CLANG_WARN_OBJC_LITERAL_CONVERSION = YES;
				CLANG_WARN_OBJC_ROOT_CLASS = YES_ERROR;
				CLANG_WARN_RANGE_LOOP_ANALYSIS = YES;
				CLANG_WARN_STRICT_PROTOTYPES = YES;
				CLANG_WARN_SUSPICIOUS_MOVE = YES;
				CLANG_WARN_SUSPICIOUS_MOVES = YES;
				CLANG_WARN_UNREACHABLE_CODE = YES;
				CLANG_WARN__DUPLICATE_METHOD_MATCH = YES;
				COMBINE_HIDPI_IMAGES = YES;
				COPY_PHASE_STRIP = YES;
				CURRENT_PROJECT_VERSION = 1;
				DEAD_CODE_STRIPPING = YES;
				DEBUG_INFORMATION_FORMAT = "dwarf-with-dsym";
				DEFINES_MODULE = YES;
				DYLIB_INSTALL_NAME_BASE = "@rpath";
				ENABLE_NS_ASSERTIONS = NO;
				ENABLE_STRICT_OBJC_MSGSEND = YES;
				GCC_C_LANGUAGE_STANDARD = gnu99;
				GCC_NO_COMMON_BLOCKS = YES;
				GCC_WARN_64_TO_32_BIT_CONVERSION = YES;
				GCC_WARN_ABOUT_RETURN_TYPE = YES_ERROR;
				GCC_WARN_UNDECLARED_SELECTOR = YES;
				GCC_WARN_UNINITIALIZED_AUTOS = YES_AGGRESSIVE;
				GCC_WARN_UNUSED_FUNCTION = YES;
				GCC_WARN_UNUSED_VARIABLE = YES;
				INFOPLIST_FILE = "$(PROJECT_FILE_PATH)/Info.plist";
				IPHONEOS_DEPLOYMENT_TARGET = 8.0;
				LD_RUNPATH_SEARCH_PATHS = "$(inherited) @executable_path/Frameworks @loader_path/Frameworks";
				MTL_ENABLE_DEBUG_INFO = NO;
				PRODUCT_BUNDLE_IDENTIFIER = "com.SusanDoggie.$(TARGET_NAME)";
				PRODUCT_NAME = "$(TARGET_NAME)";
				SDKROOT = iphoneos;
				SKIP_INSTALL = YES;
				SUPPORTED_PLATFORMS = "iphonesimulator iphoneos";
				SWIFT_OPTIMIZATION_LEVEL = "-Owholemodule";
				TARGETED_DEVICE_FAMILY = "1,2";
				VALIDATE_PRODUCT = YES;
				VERSIONING_SYSTEM = "apple-generic";
				VERSION_INFO_PREFIX = "";
			};
			name = Release;
		};
		0A9D372C1D73D9E600941254 /* Debug */ = {
			isa = XCBuildConfiguration;
			buildSettings = {
				DYLIB_COMPATIBILITY_VERSION = 1;
				DYLIB_CURRENT_VERSION = 1;
				SWIFT_VERSION = 5.0;
			};
			name = Debug;
		};
		0A9D372D1D73D9E600941254 /* Release */ = {
			isa = XCBuildConfiguration;
			buildSettings = {
				DYLIB_COMPATIBILITY_VERSION = 1;
				DYLIB_CURRENT_VERSION = 1;
				SWIFT_VERSION = 5.0;
			};
			name = Release;
		};
/* End XCBuildConfiguration section */

/* Begin XCConfigurationList section */
		0A9D37111D73D9E600941254 /* Build configuration list for PBXProject "DoggieUI" */ = {
			isa = XCConfigurationList;
			buildConfigurations = (
				0A9D37291D73D9E600941254 /* Debug */,
				0A9D372A1D73D9E600941254 /* Release */,
			);
			defaultConfigurationIsVisible = 0;
			defaultConfigurationName = Release;
		};
		0A9D372B1D73D9E600941254 /* Build configuration list for PBXNativeTarget "DoggieUI" */ = {
			isa = XCConfigurationList;
			buildConfigurations = (
				0A9D372C1D73D9E600941254 /* Debug */,
				0A9D372D1D73D9E600941254 /* Release */,
			);
			defaultConfigurationIsVisible = 0;
			defaultConfigurationName = Release;
		};
/* End XCConfigurationList section */
	};
	rootObject = 0A9D370E1D73D9E600941254 /* Project object */;
}
